
Microsoft Visual Studio Solution File, Format Version 12.00
# Visual Studio Version 17
VisualStudioVersion = 17.5.33530.505
MinimumVisualStudioVersion = 10.0.40219.1
Project("{FAE04EC0-301F-11D3-BF4B-00C04F79EFBC}") = "Practical_2", "Practical_2.csproj", "{2BD223E5-4925-4783-8D80-682F7EE84AD7}"
EndProject
Global
	GlobalSection(SolutionConfigurationPlatforms) = preSolution
		Debug|Any CPU = Debug|Any CPU
		Release|Any CPU = Release|Any CPU
	EndGlobalSection
	GlobalSection(ProjectConfigurationPlatforms) = postSolution
		{2BD223E5-4925-4783-8D80-682F7EE84AD7}.Debug|Any CPU.ActiveCfg = Debug|Any CPU
		{2BD223E5-4925-4783-8D80-682F7EE84AD7}.Debug|Any CPU.Build.0 = Debug|Any CPU
		{2BD223E5-4925-4783-8D80-682F7EE84AD7}.Release|Any CPU.ActiveCfg = Release|Any CPU
		{2BD223E5-4925-4783-8D80-682F7EE84AD7}.Release|Any CPU.Build.0 = Release|Any CPU
	EndGlobalSection
	GlobalSection(SolutionProperties) = preSolution
		HideSolutionNode = FALSE
	EndGlobalSection
	GlobalSection(ExtensibilityGlobals) = postSolution
		SolutionGuid = {3DC1AE49-DB95-4FEA-8AB9-0F0BCAE814E9}
	EndGlobalSection
EndGlobal
